
Microsoft Visual Studio Solution File, Format Version 12.00
# Visual Studio Version 17
VisualStudioVersion = 17.3.32929.385
MinimumVisualStudioVersion = 10.0.40219.1
Project("{FAE04EC0-301F-11D3-BF4B-00C04F79EFBC}") = "OHCE-evaluation", "OHCE-evaluation\OHCE-evaluation.csproj", "{D62DDD2B-442F-4814-A223-D845BB5FAEAE}"
EndProject
Global
	GlobalSection(SolutionConfigurationPlatforms) = preSolution
		Debug|Any CPU = Debug|Any CPU
		Release|Any CPU = Release|Any CPU
	EndGlobalSection
	GlobalSection(ProjectConfigurationPlatforms) = postSolution
		{D62DDD2B-442F-4814-A223-D845BB5FAEAE}.Debug|Any CPU.ActiveCfg = Debug|Any CPU
		{D62DDD2B-442F-4814-A223-D845BB5FAEAE}.Debug|Any CPU.Build.0 = Debug|Any CPU
		{D62DDD2B-442F-4814-A223-D845BB5FAEAE}.Release|Any CPU.ActiveCfg = Release|Any CPU
		{D62DDD2B-442F-4814-A223-D845BB5FAEAE}.Release|Any CPU.Build.0 = Release|Any CPU
	EndGlobalSection
	GlobalSection(SolutionProperties) = preSolution
		HideSolutionNode = FALSE
	EndGlobalSection
	GlobalSection(ExtensibilityGlobals) = postSolution
		SolutionGuid = {3079095A-F4E1-4780-B90D-0DDA7E584B74}
	EndGlobalSection
EndGlobal
